
Microsoft Visual Studio Solution File, Format Version 12.00
# Visual Studio 15
VisualStudioVersion = 15.0.28010.2003
MinimumVisualStudioVersion = 10.0.40219.1
Project("{9092AA53-FB77-4645-B42D-1CCCA6BD08BD}") = "LAN-FFA-Query", "LAN-FFA-Query\LAN-FFA-Query.njsproj", "{6D737EF6-1F95-4BBD-BBA5-BECDE265452C}"
EndProject
Project("{9092AA53-FB77-4645-B42D-1CCCA6BD08BD}") = "LAN-FFA-NodejsWebApp", "LAN-FFA-NodejsWebApp\LAN-FFA-NodejsWebApp.njsproj", "{931C9A88-E6B1-444B-83C1-A640ADF07BE2}"
EndProject
Global
	GlobalSection(SolutionConfigurationPlatforms) = preSolution
		Debug|Any CPU = Debug|Any CPU
		Release|Any CPU = Release|Any CPU
	EndGlobalSection
	GlobalSection(ProjectConfigurationPlatforms) = postSolution
		{6D737EF6-1F95-4BBD-BBA5-BECDE265452C}.Debug|Any CPU.ActiveCfg = Debug|Any CPU
		{6D737EF6-1F95-4BBD-BBA5-BECDE265452C}.Debug|Any CPU.Build.0 = Debug|Any CPU
		{6D737EF6-1F95-4BBD-BBA5-BECDE265452C}.Release|Any CPU.ActiveCfg = Release|Any CPU
		{6D737EF6-1F95-4BBD-BBA5-BECDE265452C}.Release|Any CPU.Build.0 = Release|Any CPU
		{931C9A88-E6B1-444B-83C1-A640ADF07BE2}.Debug|Any CPU.ActiveCfg = Debug|Any CPU
		{931C9A88-E6B1-444B-83C1-A640ADF07BE2}.Debug|Any CPU.Build.0 = Debug|Any CPU
		{931C9A88-E6B1-444B-83C1-A640ADF07BE2}.Release|Any CPU.ActiveCfg = Release|Any CPU
		{931C9A88-E6B1-444B-83C1-A640ADF07BE2}.Release|Any CPU.Build.0 = Release|Any CPU
	EndGlobalSection
	GlobalSection(SolutionProperties) = preSolution
		HideSolutionNode = FALSE
	EndGlobalSection
	GlobalSection(ExtensibilityGlobals) = postSolution
		SolutionGuid = {5022A117-6296-4BC7-9109-6723F2DC3812}
	EndGlobalSection
EndGlobal
